// !$*UTF8*$!
{
	archiveVersion = 1;
	classes = {
	};
	objectVersion = 46;
	objects = {

/* Begin PBXBuildFile section */
		7B56FA191BB1C0DD00C9AC7A /* sorting-test.cpp in Sources */ = {isa = PBXBuildFile; fileRef = 7B56FA181BB1C0DD00C9AC7A /* sorting-test.cpp */; };
		7B56FA211BB1C26700C9AC7A /* sorting-algorithms-impl.h in Sources */ = {isa = PBXBuildFile; fileRef = 7B56FA1F1BB1C26700C9AC7A /* sorting-algorithms-impl.h */; };
/* End PBXBuildFile section */

/* Begin PBXCopyFilesBuildPhase section */
		7B56FA131BB1C0DD00C9AC7A /* CopyFiles */ = {
			isa = PBXCopyFilesBuildPhase;
			buildActionMask = 2147483647;
			dstPath = /usr/share/man/man1/;
			dstSubfolderSpec = 0;
			files = (
			);
			runOnlyForDeploymentPostprocessing = 1;
		};
/* End PBXCopyFilesBuildPhase section */

/* Begin PBXFileReference section */
		7B56FA151BB1C0DD00C9AC7A /* sorting-algorithm-review */ = {isa = PBXFileReference; explicitFileType = "compiled.mach-o.executable"; includeInIndex = 0; path = "sorting-algorithm-review"; sourceTree = BUILT_PRODUCTS_DIR; };
		7B56FA181BB1C0DD00C9AC7A /* sorting-test.cpp */ = {isa = PBXFileReference; lastKnownFileType = sourcecode.cpp.cpp; path = "sorting-test.cpp"; sourceTree = "<group>"; };
		7B56FA1F1BB1C26700C9AC7A /* sorting-algorithms-impl.h */ = {isa = PBXFileReference; fileEncoding = 4; lastKnownFileType = sourcecode.c.h; path = "sorting-algorithms-impl.h"; sourceTree = "<group>"; };
		7B56FA201BB1C26700C9AC7A /* sorting-algorithms.h */ = {isa = PBXFileReference; fileEncoding = 4; lastKnownFileType = sourcecode.c.h; path = "sorting-algorithms.h"; sourceTree = "<group>"; };
/* End PBXFileReference section */

/* Begin PBXFrameworksBuildPhase section */
		7B56FA121BB1C0DD00C9AC7A /* Frameworks */ = {
			isa = PBXFrameworksBuildPhase;
			buildActionMask = 2147483647;
			files = (
			);
			runOnlyForDeploymentPostprocessing = 0;
		};
/* End PBXFrameworksBuildPhase section */

/* Begin PBXGroup section */
		7B56FA0C1BB1C0DD00C9AC7A = {
			isa = PBXGroup;
			children = (
				7B56FA171BB1C0DD00C9AC7A /* sorting-algorithm-review */,
				7B56FA161BB1C0DD00C9AC7A /* Products */,
			);
			sourceTree = "<group>";
		};
		7B56FA161BB1C0DD00C9AC7A /* Products */ = {
			isa = PBXGroup;
			children = (
				7B56FA151BB1C0DD00C9AC7A /* sorting-algorithm-review */,
			);
			name = Products;
			sourceTree = "<group>";
		};
		7B56FA171BB1C0DD00C9AC7A /* sorting-algorithm-review */ = {
			isa = PBXGroup;
			children = (
				7B56FA181BB1C0DD00C9AC7A /* sorting-test.cpp */,
				7B56FA1F1BB1C26700C9AC7A /* sorting-algorithms-impl.h */,
				7B56FA201BB1C26700C9AC7A /* sorting-algorithms.h */,
			);
			path = "sorting-algorithm-review";
			sourceTree = "<group>";
		};
/* End PBXGroup section */

/* Begin PBXNativeTarget section */
		7B56FA141BB1C0DD00C9AC7A /* sorting-algorithm-review */ = {
			isa = PBXNativeTarget;
			buildConfigurationList = 7B56FA1C1BB1C0DD00C9AC7A /* Build configuration list for PBXNativeTarget "sorting-algorithm-review" */;
			buildPhases = (
				7B56FA111BB1C0DD00C9AC7A /* Sources */,
				7B56FA121BB1C0DD00C9AC7A /* Frameworks */,
				7B56FA131BB1C0DD00C9AC7A /* CopyFiles */,
			);
			buildRules = (
			);
			dependencies = (
			);
			name = "sorting-algorithm-review";
			productName = "sorting-algorithm-review";
			productReference = 7B56FA151BB1C0DD00C9AC7A /* sorting-algorithm-review */;
			productType = "com.apple.product-type.tool";
		};
/* End PBXNativeTarget section */

/* Begin PBXProject section */
		7B56FA0D1BB1C0DD00C9AC7A /* Project object */ = {
			isa = PBXProject;
			attributes = {
				LastUpgradeCheck = 0640;
				ORGANIZATIONNAME = "吴家荣";
				TargetAttributes = {
					7B56FA141BB1C0DD00C9AC7A = {
						CreatedOnToolsVersion = 6.4;
					};
				};
			};
			buildConfigurationList = 7B56FA101BB1C0DD00C9AC7A /* Build configuration list for PBXProject "sorting-algorithm-review" */;
			compatibilityVersion = "Xcode 3.2";
			developmentRegion = English;
			hasScannedForEncodings = 0;
			knownRegions = (
				en,
			);
			mainGroup = 7B56FA0C1BB1C0DD00C9AC7A;
			productRefGroup = 7B56FA161BB1C0DD00C9AC7A /* Products */;
			projectDirPath = "";
			projectRoot = "";
			targets = (
				7B56FA141BB1C0DD00C9AC7A /* sorting-algorithm-review */,
			);
		};
/* End PBXProject section */

/* Begin PBXSourcesBuildPhase section */
		7B56FA111BB1C0DD00C9AC7A /* Sources */ = {
			isa = PBXSourcesBuildPhase;
			buildActionMask = 2147483647;
			files = (
				7B56FA211BB1C26700C9AC7A /* sorting-algorithms-impl.h in Sources */,
				7B56FA191BB1C0DD00C9AC7A /* sorting-test.cpp in Sources */,
			);
			runOnlyForDeploymentPostprocessing = 0;
		};
/* End PBXSourcesBuildPhase section */

/* Begin XCBuildConfiguration section */
		7B56FA1A1BB1C0DD00C9AC7A /* Debug */ = {
			isa = XCBuildConfiguration;
			buildSettings = {
				ALWAYS_SEARCH_USER_PATHS = NO;
				CLANG_CXX_LANGUAGE_STANDARD = "gnu++0x";
				CLANG_CXX_LIBRARY = "libc++";
				CLANG_ENABLE_MODULES = YES;
				CLANG_ENABLE_OBJC_ARC = YES;
				CLANG_WARN_BOOL_CONVERSION = YES;
				CLANG_WARN_CONSTANT_CONVERSION = YES;
				CLANG_WARN_DIRECT_OBJC_ISA_USAGE = YES_ERROR;
				CLANG_WARN_EMPTY_BODY = YES;
				CLANG_WARN_ENUM_CONVERSION = YES;
				CLANG_WARN_INT_CONVERSION = YES;
				CLANG_WARN_OBJC_ROOT_CLASS = YES_ERROR;
				CLANG_WARN_UNREACHABLE_CODE = YES;
				CLANG_WARN__DUPLICATE_METHOD_MATCH = YES;
				COPY_PHASE_STRIP = NO;
				DEBUG_INFORMATION_FORMAT = dwarf;
				ENABLE_STRICT_OBJC_MSGSEND = YES;
				GCC_C_LANGUAGE_STANDARD = gnu99;
				GCC_DYNAMIC_NO_PIC = NO;
				GCC_NO_COMMON_BLOCKS = YES;
				GCC_OPTIMIZATION_LEVEL = 0;
				GCC_PREPROCESSOR_DEFINITIONS = (
					"DEBUG=1",
					"$(inherited)",
				);
				GCC_SYMBOLS_PRIVATE_EXTERN = NO;
				GCC_WARN_64_TO_32_BIT_CONVERSION = YES;
				GCC_WARN_ABOUT_RETURN_TYPE = YES_ERROR;
				GCC_WARN_UNDECLARED_SELECTOR = YES;
				GCC_WARN_UNINITIALIZED_AUTOS = YES_AGGRESSIVE;
				GCC_WARN_UNUSED_FUNCTION = YES;
				GCC_WARN_UNUSED_VARIABLE = YES;
				MACOSX_DEPLOYMENT_TARGET = 10.10;
				MTL_ENABLE_DEBUG_INFO = YES;
				ONLY_ACTIVE_ARCH = YES;
				SDKROOT = macosx;
			};
			name = Debug;
		};
		7B56FA1B1BB1C0DD00C9AC7A /* Release */ = {
			isa = XCBuildConfiguration;
			buildSettings = {
				ALWAYS_SEARCH_USER_PATHS = NO;
				CLANG_CXX_LANGUAGE_STANDARD = "gnu++0x";
				CLANG_CXX_LIBRARY = "libc++";
				CLANG_ENABLE_MODULES = YES;
				CLANG_ENABLE_OBJC_ARC = YES;
				CLANG_WARN_BOOL_CONVERSION = YES;
				CLANG_WARN_CONSTANT_CONVERSION = YES;
				CLANG_WARN_DIRECT_OBJC_ISA_USAGE = YES_ERROR;
				CLANG_WARN_EMPTY_BODY = YES;
				CLANG_WARN_ENUM_CONVERSION = YES;
				CLANG_WARN_INT_CONVERSION = YES;
				CLANG_WARN_OBJC_ROOT_CLASS = YES_ERROR;
				CLANG_WARN_UNREACHABLE_CODE = YES;
				CLANG_WARN__DUPLICATE_METHOD_MATCH = YES;
				COPY_PHASE_STRIP = NO;
				DEBUG_INFORMATION_FORMAT = "dwarf-with-dsym";
				ENABLE_NS_ASSERTIONS = NO;
				ENABLE_STRICT_OBJC_MSGSEND = YES;
				GCC_C_LANGUAGE_STANDARD = gnu99;
				GCC_NO_COMMON_BLOCKS = YES;
				GCC_WARN_64_TO_32_BIT_CONVERSION = YES;
				GCC_WARN_ABOUT_RETURN_TYPE = YES_ERROR;
				GCC_WARN_UNDECLARED_SELECTOR = YES;
				GCC_WARN_UNINITIALIZED_AUTOS = YES_AGGRESSIVE;
				GCC_WARN_UNUSED_FUNCTION = YES;
				GCC_WARN_UNUSED_VARIABLE = YES;
				MACOSX_DEPLOYMENT_TARGET = 10.10;
				MTL_ENABLE_DEBUG_INFO = NO;
				SDKROOT = macosx;
			};
			name = Release;
		};
		7B56FA1D1BB1C0DD00C9AC7A /* Debug */ = {
			isa = XCBuildConfiguration;
			buildSettings = {
				PRODUCT_NAME = "$(TARGET_NAME)";
			};
			name = Debug;
		};
		7B56FA1E1BB1C0DD00C9AC7A /* Release */ = {
			isa = XCBuildConfiguration;
			buildSettings = {
				PRODUCT_NAME = "$(TARGET_NAME)";
			};
			name = Release;
		};
/* End XCBuildConfiguration section */

/* Begin XCConfigurationList section */
		7B56FA101BB1C0DD00C9AC7A /* Build configuration list for PBXProject "sorting-algorithm-review" */ = {
			isa = XCConfigurationList;
			buildConfigurations = (
				7B56FA1A1BB1C0DD00C9AC7A /* Debug */,
				7B56FA1B1BB1C0DD00C9AC7A /* Release */,
			);
			defaultConfigurationIsVisible = 0;
			defaultConfigurationName = Release;
		};
		7B56FA1C1BB1C0DD00C9AC7A /* Build configuration list for PBXNativeTarget "sorting-algorithm-review" */ = {
			isa = XCConfigurationList;
			buildConfigurations = (
				7B56FA1D1BB1C0DD00C9AC7A /* Debug */,
				7B56FA1E1BB1C0DD00C9AC7A /* Release */,
			);
			defaultConfigurationIsVisible = 0;
		};
/* End XCConfigurationList section */
	};
	rootObject = 7B56FA0D1BB1C0DD00C9AC7A /* Project object */;
}
